{
  "name": "dossier-connect",
  "version": "1.0.0",
  "lockfileVersion": 3,
  "requires": true,
  "packages": {
    "": {
      "name": "dossier-connect",
      "version": "1.0.0",
      "license": "MIT",
      "dependencies": {
        "@open-wallet-standard/core": "^1.2.0",
        "ws": "^8.20.0"
      },
      "bin": {
        "dossier-connect": "bin/connect.mjs"
      },
      "engines": {
        "node": ">=20"
      }
    },
    "node_modules/@open-wallet-standard/core": {
      "version": "1.2.4",
      "resolved": "https://registry.npmjs.org/@open-wallet-standard/core/-/core-1.2.4.tgz",
      "integrity": "sha512-NikPf+TvFl9OB0vBs9VdGsrc6GVfM4w04KYJ0SgQCZBcIOGM0hR5MU1x+WIYQfNIqv9XPIfHxDZBRr2C3ZtKWw==",
      "license": "MIT",
      "bin": {
        "ows": "bin/ows"
      },
      "optionalDependencies": {
        "@open-wallet-standard/core-darwin-arm64": "1.2.4",
        "@open-wallet-standard/core-darwin-x64": "1.2.4",
        "@open-wallet-standard/core-linux-arm64-gnu": "1.2.4",
        "@open-wallet-standard/core-linux-x64-gnu": "1.2.4"
      }
    },
    "node_modules/@open-wallet-standard/core-darwin-arm64": {
      "version": "1.2.4",
      "resolved": "https://registry.npmjs.org/@open-wallet-standard/core-darwin-arm64/-/core-darwin-arm64-1.2.4.tgz",
      "integrity": "sha512-8agmSGltu3N/9t+en+XFiOdNCpQX9IdQYw3jfU71GdP2O9aF+mb1BUKkdBIPfdUfj5aqMeDMs/5N2q4kpEp4mg==",
      "cpu": [
        "arm64"
      ],
      "license": "MIT",
      "optional": true,
      "os": [
        "darwin"
      ]
    },
    "node_modules/@open-wallet-standard/core-darwin-x64": {
      "version": "1.2.4",
      "resolved": "https://registry.npmjs.org/@open-wallet-standard/core-darwin-x64/-/core-darwin-x64-1.2.4.tgz",
      "integrity": "sha512-sW16I0xiUkz7Cv4D+s+aLfnDsPLKUomZR3wegOtKh3F1OYBCojV8jHmxi0BxcrM2FWjpJNGGfW6ziTouEpo/kQ==",
      "cpu": [
        "x64"
      ],
      "license": "MIT",
      "optional": true,
      "os": [
        "darwin"
      ]
    },
    "node_modules/@open-wallet-standard/core-linux-arm64-gnu": {
      "version": "1.2.4",
      "resolved": "https://registry.npmjs.org/@open-wallet-standard/core-linux-arm64-gnu/-/core-linux-arm64-gnu-1.2.4.tgz",
      "integrity": "sha512-zvyakDe44soyVdr/jVcf8o4hZv+/UsXuxoLcN/lgD3cGN78fc9MhZQ3Ywsam5RFMc4autjgOcBdkoIfdVNOLJA==",
      "cpu": [
        "arm64"
      ],
      "license": "MIT",
      "optional": true,
      "os": [
        "linux"
      ]
    },
    "node_modules/@open-wallet-standard/core-linux-x64-gnu": {
      "version": "1.2.4",
      "resolved": "https://registry.npmjs.org/@open-wallet-standard/core-linux-x64-gnu/-/core-linux-x64-gnu-1.2.4.tgz",
      "integrity": "sha512-VshwFQWe5qH6Gk8Rps7SGeta9vl0iANnhU30Xt3O8o4Z3La/F4mphXX594bNq2yRzOlALM1D6EhVQIXy0H7Bdw==",
      "cpu": [
        "x64"
      ],
      "license": "MIT",
      "optional": true,
      "os": [
        "linux"
      ]
    },
    "node_modules/ws": {
      "version": "8.20.0",
      "resolved": "https://registry.npmjs.org/ws/-/ws-8.20.0.tgz",
      "integrity": "sha512-sAt8BhgNbzCtgGbt2OxmpuryO63ZoDk/sqaB/znQm94T4fCEsy/yV+7CdC1kJhOU9lboAEU7R3kquuycDoibVA==",
      "license": "MIT",
      "engines": {
        "node": ">=10.0.0"
      },
      "peerDependencies": {
        "bufferutil": "^4.0.1",
        "utf-8-validate": ">=5.0.2"
      },
      "peerDependenciesMeta": {
        "bufferutil": {
          "optional": true
        },
        "utf-8-validate": {
          "optional": true
        }
      }
    }
  }
}
